
Microsoft Visual Studio Solution File, Format Version 12.00
# Visual Studio Version 16
VisualStudioVersion = 16.0.29926.136
MinimumVisualStudioVersion = 10.0.40219.1
Project("{9A19103F-16F7-4668-BE54-9A1E7A4F7556}") = "WebApplication.Core.UI", "WebApplication.Core.UI\WebApplication.Core.UI.csproj", "{55B14A5E-EAD2-4253-AB06-5CE71432C80E}"
EndProject
Project("{9A19103F-16F7-4668-BE54-9A1E7A4F7556}") = "WebApplication.Core.Tests.Unit", "WebApplication.Core.Tests.Unit\WebApplication.Core.Tests.Unit.csproj", "{0987D3D7-6870-4656-8710-7476D1FC3C96}"
EndProject
Project("{9A19103F-16F7-4668-BE54-9A1E7A4F7556}") = "WebApplication.Core.Tests.Acceptance", "WebApplication.Core.Tests.Acceptance\WebApplication.Core.Tests.Acceptance.csproj", "{A32DDE22-1279-40A0-B48D-3371009241F7}"
EndProject
Project("{9A19103F-16F7-4668-BE54-9A1E7A4F7556}") = "WebApplication.Core.Domain", "WebApplication.Core.Domain\WebApplication.Core.Domain.csproj", "{BB9DC21D-1321-45B7-A1A4-408641EE43C2}"
EndProject
Project("{9A19103F-16F7-4668-BE54-9A1E7A4F7556}") = "WebApplication.Core.Data", "WebApplication.Core.Data\WebApplication.Core.Data.csproj", "{C4D353BD-0D4D-47B5-980A-DADC27996247}"
EndProject
Project("{9A19103F-16F7-4668-BE54-9A1E7A4F7556}") = "WebApplication.Core.API", "WebApplication.Core.API\WebApplication.Core.API.csproj", "{C0AB39AA-1B83-430E-86CF-CD6E7622E03C}"
EndProject
Project("{9A19103F-16F7-4668-BE54-9A1E7A4F7556}") = "WebApplication.Core.Tests.Integration", "WebApplication.Core.Tests.Integration\WebApplication.Core.Tests.Integration.csproj", "{854DAFC7-2083-41B9-8FDD-8050A00F9269}"
EndProject
Project("{2150E333-8FDC-42A3-9474-1A3956D46DE8}") = "Performance Tests", "Performance Tests", "{300FDCFA-0026-4740-9073-39BEF9EDECB6}"
	ProjectSection(SolutionItems) = preProject
		Performance Tests\k6_commands.txt = Performance Tests\k6_commands.txt
		Performance Tests\k6_script.js = Performance Tests\k6_script.js
	EndProjectSection
EndProject
Project("{2150E333-8FDC-42A3-9474-1A3956D46DE8}") = "Docker", "Docker", "{74C1BB48-1895-4787-B440-275469634F27}"
	ProjectSection(SolutionItems) = preProject
		docker-compose-up.ps1 = docker-compose-up.ps1
		docker-compose.override.yml = docker-compose.override.yml
		docker-compose.production.yml = docker-compose.production.yml
		docker-compose.staging.yml = docker-compose.staging.yml
		docker-compose.yml = docker-compose.yml
		docker_commands.txt = docker_commands.txt
	EndProjectSection
EndProject
Project("{2150E333-8FDC-42A3-9474-1A3956D46DE8}") = "Postman", "Postman", "{F9DDCAA6-6E91-4BBB-9D30-7905904BFE47}"
	ProjectSection(SolutionItems) = preProject
		Postman\postman_commands.txt = Postman\postman_commands.txt
		Postman\TEST_ENV.postman_environment.json = Postman\TEST_ENV.postman_environment.json
		Postman\WebApplicationCore.postman_collection.json = Postman\WebApplicationCore.postman_collection.json
	EndProjectSection
EndProject
Project("{2150E333-8FDC-42A3-9474-1A3956D46DE8}") = "newman", "newman", "{DAFF9F89-D3E3-4DC4-BD34-B59DB864AD99}"
EndProject
Project("{2150E333-8FDC-42A3-9474-1A3956D46DE8}") = "Build", "Build", "{2609F321-E243-438E-882F-CB19F12FB617}"
	ProjectSection(SolutionItems) = preProject
		Build\iis-deploy.ps1 = Build\iis-deploy.ps1
		Build\Jenkinsfile = Build\Jenkinsfile
		Build\sonarqube_coverlet.txt = Build\sonarqube_coverlet.txt
	EndProjectSection
EndProject
Project("{2150E333-8FDC-42A3-9474-1A3956D46DE8}") = "k8s", "k8s", "{B9B3CE6E-F818-46B9-B8A4-303573530F43}"
	ProjectSection(SolutionItems) = preProject
		k8s\api.deployment.yml = k8s\api.deployment.yml
		k8s\api.service.yml = k8s\api.service.yml
		k8s\kubernetes-deploy.ps1 = k8s\kubernetes-deploy.ps1
		k8s\kubernetes_commands.txt = k8s\kubernetes_commands.txt
		k8s\sqlserver.deployment.yml = k8s\sqlserver.deployment.yml
		k8s\sqlserver.service.yml = k8s\sqlserver.service.yml
		k8s\ui.deployment.yml = k8s\ui.deployment.yml
		k8s\ui.service.yml = k8s\ui.service.yml
	EndProjectSection
EndProject
Global
	GlobalSection(SolutionConfigurationPlatforms) = preSolution
		Debug|Any CPU = Debug|Any CPU
		Release|Any CPU = Release|Any CPU
	EndGlobalSection
	GlobalSection(ProjectConfigurationPlatforms) = postSolution
		{55B14A5E-EAD2-4253-AB06-5CE71432C80E}.Debug|Any CPU.ActiveCfg = Debug|Any CPU
		{55B14A5E-EAD2-4253-AB06-5CE71432C80E}.Debug|Any CPU.Build.0 = Debug|Any CPU
		{55B14A5E-EAD2-4253-AB06-5CE71432C80E}.Release|Any CPU.ActiveCfg = Release|Any CPU
		{55B14A5E-EAD2-4253-AB06-5CE71432C80E}.Release|Any CPU.Build.0 = Release|Any CPU
		{0987D3D7-6870-4656-8710-7476D1FC3C96}.Debug|Any CPU.ActiveCfg = Debug|Any CPU
		{0987D3D7-6870-4656-8710-7476D1FC3C96}.Debug|Any CPU.Build.0 = Debug|Any CPU
		{0987D3D7-6870-4656-8710-7476D1FC3C96}.Release|Any CPU.ActiveCfg = Release|Any CPU
		{0987D3D7-6870-4656-8710-7476D1FC3C96}.Release|Any CPU.Build.0 = Release|Any CPU
		{A32DDE22-1279-40A0-B48D-3371009241F7}.Debug|Any CPU.ActiveCfg = Debug|Any CPU
		{A32DDE22-1279-40A0-B48D-3371009241F7}.Debug|Any CPU.Build.0 = Debug|Any CPU
		{A32DDE22-1279-40A0-B48D-3371009241F7}.Release|Any CPU.ActiveCfg = Release|Any CPU
		{A32DDE22-1279-40A0-B48D-3371009241F7}.Release|Any CPU.Build.0 = Release|Any CPU
		{BB9DC21D-1321-45B7-A1A4-408641EE43C2}.Debug|Any CPU.ActiveCfg = Debug|Any CPU
		{BB9DC21D-1321-45B7-A1A4-408641EE43C2}.Debug|Any CPU.Build.0 = Debug|Any CPU
		{BB9DC21D-1321-45B7-A1A4-408641EE43C2}.Release|Any CPU.ActiveCfg = Release|Any CPU
		{BB9DC21D-1321-45B7-A1A4-408641EE43C2}.Release|Any CPU.Build.0 = Release|Any CPU
		{C4D353BD-0D4D-47B5-980A-DADC27996247}.Debug|Any CPU.ActiveCfg = Debug|Any CPU
		{C4D353BD-0D4D-47B5-980A-DADC27996247}.Debug|Any CPU.Build.0 = Debug|Any CPU
		{C4D353BD-0D4D-47B5-980A-DADC27996247}.Release|Any CPU.ActiveCfg = Release|Any CPU
		{C4D353BD-0D4D-47B5-980A-DADC27996247}.Release|Any CPU.Build.0 = Release|Any CPU
		{C0AB39AA-1B83-430E-86CF-CD6E7622E03C}.Debug|Any CPU.ActiveCfg = Debug|Any CPU
		{C0AB39AA-1B83-430E-86CF-CD6E7622E03C}.Debug|Any CPU.Build.0 = Debug|Any CPU
		{C0AB39AA-1B83-430E-86CF-CD6E7622E03C}.Release|Any CPU.ActiveCfg = Release|Any CPU
		{C0AB39AA-1B83-430E-86CF-CD6E7622E03C}.Release|Any CPU.Build.0 = Release|Any CPU
		{854DAFC7-2083-41B9-8FDD-8050A00F9269}.Debug|Any CPU.ActiveCfg = Debug|Any CPU
		{854DAFC7-2083-41B9-8FDD-8050A00F9269}.Debug|Any CPU.Build.0 = Debug|Any CPU
		{854DAFC7-2083-41B9-8FDD-8050A00F9269}.Release|Any CPU.ActiveCfg = Release|Any CPU
		{854DAFC7-2083-41B9-8FDD-8050A00F9269}.Release|Any CPU.Build.0 = Release|Any CPU
	EndGlobalSection
	GlobalSection(SolutionProperties) = preSolution
		HideSolutionNode = FALSE
	EndGlobalSection
	GlobalSection(NestedProjects) = preSolution
		{DAFF9F89-D3E3-4DC4-BD34-B59DB864AD99} = {F9DDCAA6-6E91-4BBB-9D30-7905904BFE47}
	EndGlobalSection
	GlobalSection(ExtensibilityGlobals) = postSolution
		SolutionGuid = {60F7EE0F-25B2-49E8-B038-E37D564CF48B}
	EndGlobalSection
EndGlobal
